{"format_version":"1.2","terraform_version":"1.10.3","variables":{"security_group_id":{"value":"sg-0002398312d9e40f5"},"subnet_id":{"value":"subnet-057bcfc031eb88c3b"}},"planned_values":{"outputs":{"grafana_iam_role_arn":{"sensitive":false},"grafana_url":{"sensitive":false},"instance_public_ip":{"sensitive":false}},"root_module":{"resources":[{"address":"aws_iam_instance_profile.instance_profile","mode":"managed","type":"aws_iam_instance_profile","name":"instance_profile","provider_name":"registry.terraform.io/hashicorp/aws","schema_version":0,"values":{"name":"grafana-iam-instance-profile","path":"/","role":"grafana-role","tags":null},"sensitive_values":{"tags_all":{}}},{"address":"aws_iam_policy.policy","mode":"managed","type":"aws_iam_policy","name":"policy","provider_name":"registry.terraform.io/hashicorp/aws","schema_version":0,"values":{"description":"Grafana policy","name":"grafana-iam-policy","path":"/","policy":"{\"Statement\":[{\"Action\":[\"cloudwatch:DescribeAlarmsForMetric\",\"cloudwatch:DescribeAlarmHistory\",\"cloudwatch:DescribeAlarms\",\"cloudwatch:ListMetrics\",\"cloudwatch:GetMetricData\",\"cloudwatch:GetInsightRuleReport\"],\"Effect\":\"Allow\",\"Resource\":\"*\",\"Sid\":\"AllowReadingMetricsFromCloudWatch\"},{\"Action\":\"pi:GetResourceMetrics\",\"Effect\":\"Allow\",\"Resource\":\"*\",\"Sid\":\"AllowReadingResourceMetricsFromPerformanceInsights\"},{\"Action\":[\"logs:DescribeLogGroups\",\"logs:GetLogGroupFields\",\"logs:StartQuery\",\"logs:StopQuery\",\"logs:GetQueryResults\",\"logs:GetLogEvents\"],\"Effect\":\"Allow\",\"Resource\":\"*\",\"Sid\":\"AllowReadingLogsFromCloudWatch\"},{\"Action\":[\"ec2:DescribeTags\",\"ec2:DescribeInstances\",\"ec2:DescribeRegions\"],\"Effect\":\"Allow\",\"Resource\":\"*\",\"Sid\":\"AllowReadingTagsInstancesRegionsFromEC2\"},{\"Action\":\"tag:GetResources\",\"Effect\":\"Allow\",\"Resource\":\"*\",\"Sid\":\"AllowReadingResourcesForTags\"}],\"Version\":\"2012-10-17\"}","tags":null},"sensitive_values":{"tags_all":{}}},{"address":"aws_iam_role.role","mode":"managed","type":"aws_iam_role","name":"role","provider_name":"registry.terraform.io/hashicorp/aws","schema_version":0,"values":{"assume_role_policy":"{\"Statement\":[{\"Action\":\"sts:AssumeRole\",\"Effect\":\"Allow\",\"Principal\":{\"Service\":\"ec2.amazonaws.com\"},\"Sid\":\"\"}],\"Version\":\"2012-10-17\"}","description":null,"force_detach_policies":false,"max_session_duration":3600,"name":"grafana-role","path":"/","permissions_boundary":null,"tags":null},"sensitive_values":{"inline_policy":[],"managed_policy_arns":[],"tags_all":{}}},{"address":"aws_iam_role_policy_attachment.test-attach","mode":"managed","type":"aws_iam_role_policy_attachment","name":"test-attach","provider_name":"registry.terraform.io/hashicorp/aws","schema_version":0,"values":{"role":"grafana-role"},"sensitive_values":{}},{"address":"aws_instance.this","mode":"managed","type":"aws_instance","name":"this","provider_name":"registry.terraform.io/hashicorp/aws","schema_version":1,"values":{"ami":"ami-0b65d57be27e8f4e7","associate_public_ip_address":true,"credit_specification":[],"get_password_data":false,"hibernation":null,"iam_instance_profile":"grafana-iam-instance-profile","instance_type":"t2.micro","key_name":"aws-grafana-lab-key","launch_template":[],"source_dest_check":true,"subnet_id":"subnet-057bcfc031eb88c3b","tags":{"Name":"mate-aws-grafana-lab"},"tags_all":{"Name":"mate-aws-grafana-lab"},"timeouts":null,"user_data":"2bd3ada6c540a3442e076f804f65df2a7a20960f","user_data_replace_on_change":false,"volume_tags":null,"vpc_security_group_ids":["sg-0002398312d9e40f5"]},"sensitive_values":{"capacity_reservation_specification":[],"cpu_options":[],"credit_specification":[],"ebs_block_device":[],"enclave_options":[],"ephemeral_block_device":[],"instance_market_options":[],"ipv6_addresses":[],"launch_template":[],"maintenance_options":[],"metadata_options":[],"network_interface":[],"private_dns_name_options":[],"root_block_device":[],"secondary_private_ips":[],"security_groups":[],"tags":{},"tags_all":{},"vpc_security_group_ids":[false]}},{"address":"aws_key_pair.this","mode":"managed","type":"aws_key_pair","name":"this","provider_name":"registry.terraform.io/hashicorp/aws","schema_version":1,"values":{"key_name":"aws-grafana-lab-key","public_key":"ssh-rsa AAAAB3NzaC1yc2EAAAADAQABAAACAQCYdi0Fi1/neZU0jdhks7dAHXr9uaAIkSpw/Ps7gHM2ipRwgMXaCApQfgZMrRyamlUmajc7LkXvd4XXb5eY2ZDSfsAGay6TLPU09y8Eee6IEpq+YyQRclt6VsFkU4/H+WAQ+YlvQA2JiUCYAJN02PXbBLVMebfURDTX98HxxVAnISYFuerI9TaUFqGFTuKIhITzdrussi1PmsETaB3hxMqWLQ/MsycPBaiMQ5SmQwLztgQTTNhi0kEfkj4L8Y4iKN1+eqMSQEcht62aK+YzSrrRKa/XEwenfgElr0OKu+q+zLo94QitRL/co6qiWZDjvIzf6Yu4/H2psKh9Sh8a5ZZKYySggLRF+unVmjS+jg1m1USY4PVxzQBI6S+08BJkYNOpiPrzzp5eB8SkYdpqO5CAWC6z0HrWnL+u2BiB1VyVtu44RDuTzFJhfmiVGyxewDH3l0RIsqL6sCQqsVFIEVPF6fV5qZcrSfm5qZ1CXNG1lfxbOK6CYAuDVm3/P2gJLvfcnLIxqHCvqmik6Om0eezy/hvkqCGjhl4BHflKrAntd6uYAXNpr04KOZApSRe9y6w+u/7rKoU2jVV9M34y8U1KyzqIdzcM7/9KB02ZmqpHeIQG0tSfYIWyauzVgscPTw8DWXFkvDQD2seiP0MFTOgUh/BZ+aLiag0sN8WFjxWhcw== aws-task5","tags":{"Name":"mate-aws-grafana-lab"},"tags_all":{"Name":"mate-aws-grafana-lab"}},"sensitive_values":{"tags":{},"tags_all":{}}}]}},"resource_changes":[{"address":"aws_iam_instance_profile.instance_profile","mode":"managed","type":"aws_iam_instance_profile","name":"instance_profile","provider_name":"registry.terraform.io/hashicorp/aws","change":{"actions":["create"],"before":null,"after":{"name":"grafana-iam-instance-profile","path":"/","role":"grafana-role","tags":null},"after_unknown":{"arn":true,"create_date":true,"id":true,"name_prefix":true,"tags_all":true,"unique_id":true},"before_sensitive":false,"after_sensitive":{"tags_all":{}}}},{"address":"aws_iam_policy.policy","mode":"managed","type":"aws_iam_policy","name":"policy","provider_name":"registry.terraform.io/hashicorp/aws","change":{"actions":["create"],"before":null,"after":{"description":"Grafana policy","name":"grafana-iam-policy","path":"/","policy":"{\"Statement\":[{\"Action\":[\"cloudwatch:DescribeAlarmsForMetric\",\"cloudwatch:DescribeAlarmHistory\",\"cloudwatch:DescribeAlarms\",\"cloudwatch:ListMetrics\",\"cloudwatch:GetMetricData\",\"cloudwatch:GetInsightRuleReport\"],\"Effect\":\"Allow\",\"Resource\":\"*\",\"Sid\":\"AllowReadingMetricsFromCloudWatch\"},{\"Action\":\"pi:GetResourceMetrics\",\"Effect\":\"Allow\",\"Resource\":\"*\",\"Sid\":\"AllowReadingResourceMetricsFromPerformanceInsights\"},{\"Action\":[\"logs:DescribeLogGroups\",\"logs:GetLogGroupFields\",\"logs:StartQuery\",\"logs:StopQuery\",\"logs:GetQueryResults\",\"logs:GetLogEvents\"],\"Effect\":\"Allow\",\"Resource\":\"*\",\"Sid\":\"AllowReadingLogsFromCloudWatch\"},{\"Action\":[\"ec2:DescribeTags\",\"ec2:DescribeInstances\",\"ec2:DescribeRegions\"],\"Effect\":\"Allow\",\"Resource\":\"*\",\"Sid\":\"AllowReadingTagsInstancesRegionsFromEC2\"},{\"Action\":\"tag:GetResources\",\"Effect\":\"Allow\",\"Resource\":\"*\",\"Sid\":\"AllowReadingResourcesForTags\"}],\"Version\":\"2012-10-17\"}","tags":null},"after_unknown":{"arn":true,"attachment_count":true,"id":true,"name_prefix":true,"policy_id":true,"tags_all":true},"before_sensitive":false,"after_sensitive":{"tags_all":{}}}},{"address":"aws_iam_role.role","mode":"managed","type":"aws_iam_role","name":"role","provider_name":"registry.terraform.io/hashicorp/aws","change":{"actions":["create"],"before":null,"after":{"assume_role_policy":"{\"Statement\":[{\"Action\":\"sts:AssumeRole\",\"Effect\":\"Allow\",\"Principal\":{\"Service\":\"ec2.amazonaws.com\"},\"Sid\":\"\"}],\"Version\":\"2012-10-17\"}","description":null,"force_detach_policies":false,"max_session_duration":3600,"name":"grafana-role","path":"/","permissions_boundary":null,"tags":null},"after_unknown":{"arn":true,"create_date":true,"id":true,"inline_policy":true,"managed_policy_arns":true,"name_prefix":true,"tags_all":true,"unique_id":true},"before_sensitive":false,"after_sensitive":{"inline_policy":[],"managed_policy_arns":[],"tags_all":{}}}},{"address":"aws_iam_role_policy_attachment.test-attach","mode":"managed","type":"aws_iam_role_policy_attachment","name":"test-attach","provider_name":"registry.terraform.io/hashicorp/aws","change":{"actions":["create"],"before":null,"after":{"role":"grafana-role"},"after_unknown":{"id":true,"policy_arn":true},"before_sensitive":false,"after_sensitive":{}}},{"address":"aws_instance.this","mode":"managed","type":"aws_instance","name":"this","provider_name":"registry.terraform.io/hashicorp/aws","change":{"actions":["create"],"before":null,"after":{"ami":"ami-0b65d57be27e8f4e7","associate_public_ip_address":true,"credit_specification":[],"get_password_data":false,"hibernation":null,"iam_instance_profile":"grafana-iam-instance-profile","instance_type":"t2.micro","key_name":"aws-grafana-lab-key","launch_template":[],"source_dest_check":true,"subnet_id":"subnet-057bcfc031eb88c3b","tags":{"Name":"mate-aws-grafana-lab"},"tags_all":{"Name":"mate-aws-grafana-lab"},"timeouts":null,"user_data":"2bd3ada6c540a3442e076f804f65df2a7a20960f","user_data_replace_on_change":false,"volume_tags":null,"vpc_security_group_ids":["sg-0002398312d9e40f5"]},"after_unknown":{"arn":true,"availability_zone":true,"capacity_reservation_specification":true,"cpu_core_count":true,"cpu_options":true,"cpu_threads_per_core":true,"credit_specification":[],"disable_api_stop":true,"disable_api_termination":true,"ebs_block_device":true,"ebs_optimized":true,"enable_primary_ipv6":true,"enclave_options":true,"ephemeral_block_device":true,"host_id":true,"host_resource_group_arn":true,"id":true,"instance_initiated_shutdown_behavior":true,"instance_lifecycle":true,"instance_market_options":true,"instance_state":true,"ipv6_address_count":true,"ipv6_addresses":true,"launch_template":[],"maintenance_options":true,"metadata_options":true,"monitoring":true,"network_interface":true,"outpost_arn":true,"password_data":true,"placement_group":true,"placement_partition_number":true,"primary_network_interface_id":true,"private_dns":true,"private_dns_name_options":true,"private_ip":true,"public_dns":true,"public_ip":true,"root_block_device":true,"secondary_private_ips":true,"security_groups":true,"spot_instance_request_id":true,"tags":{},"tags_all":{},"tenancy":true,"user_data_base64":true,"vpc_security_group_ids":[false]},"before_sensitive":false,"after_sensitive":{"capacity_reservation_specification":[],"cpu_options":[],"credit_specification":[],"ebs_block_device":[],"enclave_options":[],"ephemeral_block_device":[],"instance_market_options":[],"ipv6_addresses":[],"launch_template":[],"maintenance_options":[],"metadata_options":[],"network_interface":[],"private_dns_name_options":[],"root_block_device":[],"secondary_private_ips":[],"security_groups":[],"tags":{},"tags_all":{},"vpc_security_group_ids":[false]}}},{"address":"aws_key_pair.this","mode":"managed","type":"aws_key_pair","name":"this","provider_name":"registry.terraform.io/hashicorp/aws","change":{"actions":["create"],"before":null,"after":{"key_name":"aws-grafana-lab-key","public_key":"ssh-rsa AAAAB3NzaC1yc2EAAAADAQABAAACAQCYdi0Fi1/neZU0jdhks7dAHXr9uaAIkSpw/Ps7gHM2ipRwgMXaCApQfgZMrRyamlUmajc7LkXvd4XXb5eY2ZDSfsAGay6TLPU09y8Eee6IEpq+YyQRclt6VsFkU4/H+WAQ+YlvQA2JiUCYAJN02PXbBLVMebfURDTX98HxxVAnISYFuerI9TaUFqGFTuKIhITzdrussi1PmsETaB3hxMqWLQ/MsycPBaiMQ5SmQwLztgQTTNhi0kEfkj4L8Y4iKN1+eqMSQEcht62aK+YzSrrRKa/XEwenfgElr0OKu+q+zLo94QitRL/co6qiWZDjvIzf6Yu4/H2psKh9Sh8a5ZZKYySggLRF+unVmjS+jg1m1USY4PVxzQBI6S+08BJkYNOpiPrzzp5eB8SkYdpqO5CAWC6z0HrWnL+u2BiB1VyVtu44RDuTzFJhfmiVGyxewDH3l0RIsqL6sCQqsVFIEVPF6fV5qZcrSfm5qZ1CXNG1lfxbOK6CYAuDVm3/P2gJLvfcnLIxqHCvqmik6Om0eezy/hvkqCGjhl4BHflKrAntd6uYAXNpr04KOZApSRe9y6w+u/7rKoU2jVV9M34y8U1KyzqIdzcM7/9KB02ZmqpHeIQG0tSfYIWyauzVgscPTw8DWXFkvDQD2seiP0MFTOgUh/BZ+aLiag0sN8WFjxWhcw== aws-task5","tags":{"Name":"mate-aws-grafana-lab"},"tags_all":{"Name":"mate-aws-grafana-lab"}},"after_unknown":{"arn":true,"fingerprint":true,"id":true,"key_name_prefix":true,"key_pair_id":true,"key_type":true,"tags":{},"tags_all":{}},"before_sensitive":false,"after_sensitive":{"tags":{},"tags_all":{}}}}],"output_changes":{"grafana_iam_role_arn":{"actions":["create"],"before":null,"after_unknown":true,"before_sensitive":false,"after_sensitive":false},"grafana_url":{"actions":["create"],"before":null,"after_unknown":true,"before_sensitive":false,"after_sensitive":false},"instance_public_ip":{"actions":["create"],"before":null,"after_unknown":true,"before_sensitive":false,"after_sensitive":false}},"prior_state":{"format_version":"1.0","terraform_version":"1.10.3","values":{"root_module":{"resources":[{"address":"data.aws_ami.this","mode":"data","type":"aws_ami","name":"this","provider_name":"registry.terraform.io/hashicorp/aws","schema_version":0,"values":{"architecture":"x86_64","arn":"arn:aws:ec2:eu-central-1::image/ami-0b65d57be27e8f4e7","block_device_mappings":[{"device_name":"/dev/xvda","ebs":{"delete_on_termination":"true","encrypted":"false","iops":"0","snapshot_id":"snap-073510f61cf817ec3","throughput":"0","volume_size":"8","volume_type":"gp2"},"no_device":"","virtual_name":""}],"boot_mode":"","creation_date":"2025-04-05T01:42:18.000Z","deprecation_time":"2025-07-04T01:42:00.000Z","description":"Amazon Linux 2 AMI 2.0.20250405.0 x86_64 HVM gp2","ena_support":true,"executable_users":null,"filter":[{"name":"architecture","values":["x86_64"]},{"name":"name","values":["amzn2-ami-hvm-*-gp2"]},{"name":"root-device-type","values":["ebs"]},{"name":"virtualization-type","values":["hvm"]}],"hypervisor":"xen","id":"ami-0b65d57be27e8f4e7","image_id":"ami-0b65d57be27e8f4e7","image_location":"amazon/amzn2-ami-hvm-2.0.20250405.0-x86_64-gp2","image_owner_alias":"amazon","image_type":"machine","imds_support":"","include_deprecated":false,"kernel_id":"","last_launched_time":"","most_recent":true,"name":"amzn2-ami-hvm-2.0.20250405.0-x86_64-gp2","name_regex":null,"owner_id":"137112412989","owners":["amazon"],"platform":"","platform_details":"Linux/UNIX","product_codes":[],"public":true,"ramdisk_id":"","root_device_name":"/dev/xvda","root_device_type":"ebs","root_snapshot_id":"snap-073510f61cf817ec3","sriov_net_support":"simple","state":"available","state_reason":{"code":"UNSET","message":"UNSET"},"tags":{},"timeouts":null,"tpm_support":"","uefi_data":null,"usage_operation":"RunInstances","virtualization_type":"hvm"},"sensitive_values":{"block_device_mappings":[{"ebs":{}}],"filter":[{"values":[false]},{"values":[false]},{"values":[false]},{"values":[false]}],"owners":[false],"product_codes":[],"state_reason":{},"tags":{}}}]}}},"configuration":{"provider_config":{"aws":{"name":"aws","full_name":"registry.terraform.io/hashicorp/aws","version_constraint":"~\u003e 5.0"}},"root_module":{"outputs":{"grafana_iam_role_arn":{"expression":{"references":["aws_iam_role.role.arn","aws_iam_role.role"]}},"grafana_url":{"expression":{"references":["aws_instance.this.public_ip","aws_instance.this"]}},"instance_public_ip":{"expression":{"references":["aws_instance.this.public_ip","aws_instance.this"]}}},"resources":[{"address":"aws_iam_instance_profile.instance_profile","mode":"managed","type":"aws_iam_instance_profile","name":"instance_profile","provider_config_key":"aws","expressions":{"name":{"constant_value":"grafana-iam-instance-profile"},"role":{"references":["aws_iam_role.role.name","aws_iam_role.role"]}},"schema_version":0},{"address":"aws_iam_policy.policy","mode":"managed","type":"aws_iam_policy","name":"policy","provider_config_key":"aws","expressions":{"description":{"constant_value":"Grafana policy"},"name":{"constant_value":"grafana-iam-policy"},"policy":{}},"schema_version":0},{"address":"aws_iam_role.role","mode":"managed","type":"aws_iam_role","name":"role","provider_config_key":"aws","expressions":{"assume_role_policy":{},"name":{"constant_value":"grafana-role"}},"schema_version":0},{"address":"aws_iam_role_policy_attachment.test-attach","mode":"managed","type":"aws_iam_role_policy_attachment","name":"test-attach","provider_config_key":"aws","expressions":{"policy_arn":{"references":["aws_iam_policy.policy.arn","aws_iam_policy.policy"]},"role":{"references":["aws_iam_role.role.name","aws_iam_role.role"]}},"schema_version":0},{"address":"aws_instance.this","mode":"managed","type":"aws_instance","name":"this","provider_config_key":"aws","expressions":{"ami":{"references":["data.aws_ami.this.id","data.aws_ami.this"]},"associate_public_ip_address":{"constant_value":true},"iam_instance_profile":{"references":["aws_iam_instance_profile.instance_profile.name","aws_iam_instance_profile.instance_profile"]},"instance_type":{"constant_value":"t2.micro"},"key_name":{"references":["aws_key_pair.this.key_name","aws_key_pair.this"]},"subnet_id":{"references":["var.subnet_id"]},"tags":{"constant_value":{"Name":"mate-aws-grafana-lab"}},"user_data":{},"vpc_security_group_ids":{"references":["var.security_group_id"]}},"schema_version":1},{"address":"aws_key_pair.this","mode":"managed","type":"aws_key_pair","name":"this","provider_config_key":"aws","expressions":{"key_name":{"constant_value":"aws-grafana-lab-key"},"public_key":{},"tags":{"constant_value":{"Name":"mate-aws-grafana-lab"}}},"schema_version":1},{"address":"data.aws_ami.this","mode":"data","type":"aws_ami","name":"this","provider_config_key":"aws","expressions":{"filter":[{"name":{"constant_value":"name"},"values":{"constant_value":["amzn2-ami-hvm-*-gp2"]}},{"name":{"constant_value":"root-device-type"},"values":{"constant_value":["ebs"]}},{"name":{"constant_value":"virtualization-type"},"values":{"constant_value":["hvm"]}},{"name":{"constant_value":"architecture"},"values":{"constant_value":["x86_64"]}}],"most_recent":{"constant_value":true},"owners":{"constant_value":["amazon"]}},"schema_version":0}],"variables":{"security_group_id":{"description":"ID of the security group, you deployed in the previous task."},"subnet_id":{"description":"ID of the VPC subnet, you deployed in the previous task."}}}},"relevant_attributes":[{"resource":"aws_iam_role.role","attribute":["name"]},{"resource":"aws_iam_instance_profile.instance_profile","attribute":["name"]},{"resource":"aws_key_pair.this","attribute":["key_name"]},{"resource":"data.aws_ami.this","attribute":["id"]},{"resource":"aws_iam_role.role","attribute":["arn"]},{"resource":"aws_instance.this","attribute":["public_ip"]},{"resource":"aws_iam_policy.policy","attribute":["arn"]}],"timestamp":"2025-04-16T20:47:45Z","applyable":true,"complete":true,"errored":false}
